// !$*UTF8*$!
{
	archiveVersion = 1;
	classes = {
	};
	objectVersion = 46;
	objects = {

/* Begin PBXBuildFile section */
		B3E33C9F1B48731A00E2192C /* AppDelegate.swift in Sources */ = {isa = PBXBuildFile; fileRef = B3E33C9E1B48731A00E2192C /* AppDelegate.swift */; };
		B3E33CA11B48731A00E2192C /* ViewController.swift in Sources */ = {isa = PBXBuildFile; fileRef = B3E33CA01B48731A00E2192C /* ViewController.swift */; };
		B3E33CA41B48731A00E2192C /* Main.storyboard in Resources */ = {isa = PBXBuildFile; fileRef = B3E33CA21B48731A00E2192C /* Main.storyboard */; };
		B3E33CA61B48731A00E2192C /* Images.xcassets in Resources */ = {isa = PBXBuildFile; fileRef = B3E33CA51B48731A00E2192C /* Images.xcassets */; };
		B3E33CA91B48731A00E2192C /* LaunchScreen.xib in Resources */ = {isa = PBXBuildFile; fileRef = B3E33CA71B48731A00E2192C /* LaunchScreen.xib */; };
		B3E33CB51B48731A00E2192C /* ColumnViewLayoutTests.swift in Sources */ = {isa = PBXBuildFile; fileRef = B3E33CB41B48731A00E2192C /* ColumnViewLayoutTests.swift */; };
/* End PBXBuildFile section */

/* Begin PBXContainerItemProxy section */
		B3E33CAF1B48731A00E2192C /* PBXContainerItemProxy */ = {
			isa = PBXContainerItemProxy;
			containerPortal = B3E33C911B48731A00E2192C /* Project object */;
			proxyType = 1;
			remoteGlobalIDString = B3E33C981B48731A00E2192C;
			remoteInfo = ColumnViewLayout;
		};
/* End PBXContainerItemProxy section */

/* Begin PBXFileReference section */
		B3E33C991B48731A00E2192C /* ColumnViewLayout.app */ = {isa = PBXFileReference; explicitFileType = wrapper.application; includeInIndex = 0; path = ColumnViewLayout.app; sourceTree = BUILT_PRODUCTS_DIR; };
		B3E33C9D1B48731A00E2192C /* Info.plist */ = {isa = PBXFileReference; lastKnownFileType = text.plist.xml; path = Info.plist; sourceTree = "<group>"; };
		B3E33C9E1B48731A00E2192C /* AppDelegate.swift */ = {isa = PBXFileReference; lastKnownFileType = sourcecode.swift; path = AppDelegate.swift; sourceTree = "<group>"; };
		B3E33CA01B48731A00E2192C /* ViewController.swift */ = {isa = PBXFileReference; lastKnownFileType = sourcecode.swift; path = ViewController.swift; sourceTree = "<group>"; };
		B3E33CA31B48731A00E2192C /* Base */ = {isa = PBXFileReference; lastKnownFileType = file.storyboard; name = Base; path = Base.lproj/Main.storyboard; sourceTree = "<group>"; };
		B3E33CA51B48731A00E2192C /* Images.xcassets */ = {isa = PBXFileReference; lastKnownFileType = folder.assetcatalog; path = Images.xcassets; sourceTree = "<group>"; };
		B3E33CA81B48731A00E2192C /* Base */ = {isa = PBXFileReference; lastKnownFileType = file.xib; name = Base; path = Base.lproj/LaunchScreen.xib; sourceTree = "<group>"; };
		B3E33CAE1B48731A00E2192C /* ColumnViewLayoutTests.xctest */ = {isa = PBXFileReference; explicitFileType = wrapper.cfbundle; includeInIndex = 0; path = ColumnViewLayoutTests.xctest; sourceTree = BUILT_PRODUCTS_DIR; };
		B3E33CB31B48731A00E2192C /* Info.plist */ = {isa = PBXFileReference; lastKnownFileType = text.plist.xml; path = Info.plist; sourceTree = "<group>"; };
		B3E33CB41B48731A00E2192C /* ColumnViewLayoutTests.swift */ = {isa = PBXFileReference; lastKnownFileType = sourcecode.swift; path = ColumnViewLayoutTests.swift; sourceTree = "<group>"; };
/* End PBXFileReference section */

/* Begin PBXFrameworksBuildPhase section */
		B3E33C961B48731A00E2192C /* Frameworks */ = {
			isa = PBXFrameworksBuildPhase;
			buildActionMask = 2147483647;
			files = (
			);
			runOnlyForDeploymentPostprocessing = 0;
		};
		B3E33CAB1B48731A00E2192C /* Frameworks */ = {
			isa = PBXFrameworksBuildPhase;
			buildActionMask = 2147483647;
			files = (
			);
			runOnlyForDeploymentPostprocessing = 0;
		};
/* End PBXFrameworksBuildPhase section */

/* Begin PBXGroup section */
		B3E33C901B48731A00E2192C = {
			isa = PBXGroup;
			children = (
				B3E33C9B1B48731A00E2192C /* ColumnViewLayout */,
				B3E33CB11B48731A00E2192C /* ColumnViewLayoutTests */,
				B3E33C9A1B48731A00E2192C /* Products */,
			);
			sourceTree = "<group>";
		};
		B3E33C9A1B48731A00E2192C /* Products */ = {
			isa = PBXGroup;
			children = (
				B3E33C991B48731A00E2192C /* ColumnViewLayout.app */,
				B3E33CAE1B48731A00E2192C /* ColumnViewLayoutTests.xctest */,
			);
			name = Products;
			sourceTree = "<group>";
		};
		B3E33C9B1B48731A00E2192C /* ColumnViewLayout */ = {
			isa = PBXGroup;
			children = (
				B3E33C9E1B48731A00E2192C /* AppDelegate.swift */,
				B3E33CA01B48731A00E2192C /* ViewController.swift */,
				B3E33CA21B48731A00E2192C /* Main.storyboard */,
				B3E33CA51B48731A00E2192C /* Images.xcassets */,
				B3E33CA71B48731A00E2192C /* LaunchScreen.xib */,
				B3E33C9C1B48731A00E2192C /* Supporting Files */,
			);
			path = ColumnViewLayout;
			sourceTree = "<group>";
		};
		B3E33C9C1B48731A00E2192C /* Supporting Files */ = {
			isa = PBXGroup;
			children = (
				B3E33C9D1B48731A00E2192C /* Info.plist */,
			);
			name = "Supporting Files";
			sourceTree = "<group>";
		};
		B3E33CB11B48731A00E2192C /* ColumnViewLayoutTests */ = {
			isa = PBXGroup;
			children = (
				B3E33CB41B48731A00E2192C /* ColumnViewLayoutTests.swift */,
				B3E33CB21B48731A00E2192C /* Supporting Files */,
			);
			path = ColumnViewLayoutTests;
			sourceTree = "<group>";
		};
		B3E33CB21B48731A00E2192C /* Supporting Files */ = {
			isa = PBXGroup;
			children = (
				B3E33CB31B48731A00E2192C /* Info.plist */,
			);
			name = "Supporting Files";
			sourceTree = "<group>";
		};
/* End PBXGroup section */

/* Begin PBXNativeTarget section */
		B3E33C981B48731A00E2192C /* ColumnViewLayout */ = {
			isa = PBXNativeTarget;
			buildConfigurationList = B3E33CB81B48731A00E2192C /* Build configuration list for PBXNativeTarget "ColumnViewLayout" */;
			buildPhases = (
				B3E33C951B48731A00E2192C /* Sources */,
				B3E33C961B48731A00E2192C /* Frameworks */,
				B3E33C971B48731A00E2192C /* Resources */,
			);
			buildRules = (
			);
			dependencies = (
			);
			name = ColumnViewLayout;
			productName = ColumnViewLayout;
			productReference = B3E33C991B48731A00E2192C /* ColumnViewLayout.app */;
			productType = "com.apple.product-type.application";
		};
		B3E33CAD1B48731A00E2192C /* ColumnViewLayoutTests */ = {
			isa = PBXNativeTarget;
			buildConfigurationList = B3E33CBB1B48731A00E2192C /* Build configuration list for PBXNativeTarget "ColumnViewLayoutTests" */;
			buildPhases = (
				B3E33CAA1B48731A00E2192C /* Sources */,
				B3E33CAB1B48731A00E2192C /* Frameworks */,
				B3E33CAC1B48731A00E2192C /* Resources */,
			);
			buildRules = (
			);
			dependencies = (
				B3E33CB01B48731A00E2192C /* PBXTargetDependency */,
			);
			name = ColumnViewLayoutTests;
			productName = ColumnViewLayoutTests;
			productReference = B3E33CAE1B48731A00E2192C /* ColumnViewLayoutTests.xctest */;
			productType = "com.apple.product-type.bundle.unit-test";
		};
/* End PBXNativeTarget section */

/* Begin PBXProject section */
		B3E33C911B48731A00E2192C /* Project object */ = {
			isa = PBXProject;
			attributes = {
				LastUpgradeCheck = 0630;
				ORGANIZATIONNAME = Giancarlo;
				TargetAttributes = {
					B3E33C981B48731A00E2192C = {
						CreatedOnToolsVersion = 6.3.2;
					};
					B3E33CAD1B48731A00E2192C = {
						CreatedOnToolsVersion = 6.3.2;
						TestTargetID = B3E33C981B48731A00E2192C;
					};
				};
			};
			buildConfigurationList = B3E33C941B48731A00E2192C /* Build configuration list for PBXProject "ColumnViewLayout" */;
			compatibilityVersion = "Xcode 3.2";
			developmentRegion = English;
			hasScannedForEncodings = 0;
			knownRegions = (
				en,
				Base,
			);
			mainGroup = B3E33C901B48731A00E2192C;
			productRefGroup = B3E33C9A1B48731A00E2192C /* Products */;
			projectDirPath = "";
			projectRoot = "";
			targets = (
				B3E33C981B48731A00E2192C /* ColumnViewLayout */,
				B3E33CAD1B48731A00E2192C /* ColumnViewLayoutTests */,
			);
		};
/* End PBXProject section */

/* Begin PBXResourcesBuildPhase section */
		B3E33C971B48731A00E2192C /* Resources */ = {
			isa = PBXResourcesBuildPhase;
			buildActionMask = 2147483647;
			files = (
				B3E33CA41B48731A00E2192C /* Main.storyboard in Resources */,
				B3E33CA91B48731A00E2192C /* LaunchScreen.xib in Resources */,
				B3E33CA61B48731A00E2192C /* Images.xcassets in Resources */,
			);
			runOnlyForDeploymentPostprocessing = 0;
		};
		B3E33CAC1B48731A00E2192C /* Resources */ = {
			isa = PBXResourcesBuildPhase;
			buildActionMask = 2147483647;
			files = (
			);
			runOnlyForDeploymentPostprocessing = 0;
		};
/* End PBXResourcesBuildPhase section */

/* Begin PBXSourcesBuildPhase section */
		B3E33C951B48731A00E2192C /* Sources */ = {
			isa = PBXSourcesBuildPhase;
			buildActionMask = 2147483647;
			files = (
				B3E33CA11B48731A00E2192C /* ViewController.swift in Sources */,
				B3E33C9F1B48731A00E2192C /* AppDelegate.swift in Sources */,
			);
			runOnlyForDeploymentPostprocessing = 0;
		};
		B3E33CAA1B48731A00E2192C /* Sources */ = {
			isa = PBXSourcesBuildPhase;
			buildActionMask = 2147483647;
			files = (
				B3E33CB51B48731A00E2192C /* ColumnViewLayoutTests.swift in Sources */,
			);
			runOnlyForDeploymentPostprocessing = 0;
		};
/* End PBXSourcesBuildPhase section */

/* Begin PBXTargetDependency section */
		B3E33CB01B48731A00E2192C /* PBXTargetDependency */ = {
			isa = PBXTargetDependency;
			target = B3E33C981B48731A00E2192C /* ColumnViewLayout */;
			targetProxy = B3E33CAF1B48731A00E2192C /* PBXContainerItemProxy */;
		};
/* End PBXTargetDependency section */

/* Begin PBXVariantGroup section */
		B3E33CA21B48731A00E2192C /* Main.storyboard */ = {
			isa = PBXVariantGroup;
			children = (
				B3E33CA31B48731A00E2192C /* Base */,
			);
			name = Main.storyboard;
			sourceTree = "<group>";
		};
		B3E33CA71B48731A00E2192C /* LaunchScreen.xib */ = {
			isa = PBXVariantGroup;
			children = (
				B3E33CA81B48731A00E2192C /* Base */,
			);
			name = LaunchScreen.xib;
			sourceTree = "<group>";
		};
/* End PBXVariantGroup section */

/* Begin XCBuildConfiguration section */
		B3E33CB61B48731A00E2192C /* Debug */ = {
			isa = XCBuildConfiguration;
			buildSettings = {
				ALWAYS_SEARCH_USER_PATHS = NO;
				CLANG_CXX_LANGUAGE_STANDARD = "gnu++0x";
				CLANG_CXX_LIBRARY = "libc++";
				CLANG_ENABLE_MODULES = YES;
				CLANG_ENABLE_OBJC_ARC = YES;
				CLANG_WARN_BOOL_CONVERSION = YES;
				CLANG_WARN_CONSTANT_CONVERSION = YES;
				CLANG_WARN_DIRECT_OBJC_ISA_USAGE = YES_ERROR;
				CLANG_WARN_EMPTY_BODY = YES;
				CLANG_WARN_ENUM_CONVERSION = YES;
				CLANG_WARN_INT_CONVERSION = YES;
				CLANG_WARN_OBJC_ROOT_CLASS = YES_ERROR;
				CLANG_WARN_UNREACHABLE_CODE = YES;
				CLANG_WARN__DUPLICATE_METHOD_MATCH = YES;
				"CODE_SIGN_IDENTITY[sdk=iphoneos*]" = "iPhone Developer";
				COPY_PHASE_STRIP = NO;
				DEBUG_INFORMATION_FORMAT = "dwarf-with-dsym";
				ENABLE_STRICT_OBJC_MSGSEND = YES;
				GCC_C_LANGUAGE_STANDARD = gnu99;
				GCC_DYNAMIC_NO_PIC = NO;
				GCC_NO_COMMON_BLOCKS = YES;
				GCC_OPTIMIZATION_LEVEL = 0;
				GCC_PREPROCESSOR_DEFINITIONS = (
					"DEBUG=1",
					"$(inherited)",
				);
				GCC_SYMBOLS_PRIVATE_EXTERN = NO;
				GCC_WARN_64_TO_32_BIT_CONVERSION = YES;
				GCC_WARN_ABOUT_RETURN_TYPE = YES_ERROR;
				GCC_WARN_UNDECLARED_SELECTOR = YES;
				GCC_WARN_UNINITIALIZED_AUTOS = YES_AGGRESSIVE;
				GCC_WARN_UNUSED_FUNCTION = YES;
				GCC_WARN_UNUSED_VARIABLE = YES;
				IPHONEOS_DEPLOYMENT_TARGET = 8.3;
				MTL_ENABLE_DEBUG_INFO = YES;
				ONLY_ACTIVE_ARCH = YES;
				SDKROOT = iphoneos;
				SWIFT_OPTIMIZATION_LEVEL = "-Onone";
				TARGETED_DEVICE_FAMILY = "1,2";
			};
			name = Debug;
		};
		B3E33CB71B48731A00E2192C /* Release */ = {
			isa = XCBuildConfiguration;
			buildSettings = {
				ALWAYS_SEARCH_USER_PATHS = NO;
				CLANG_CXX_LANGUAGE_STANDARD = "gnu++0x";
				CLANG_CXX_LIBRARY = "libc++";
				CLANG_ENABLE_MODULES = YES;
				CLANG_ENABLE_OBJC_ARC = YES;
				CLANG_WARN_BOOL_CONVERSION = YES;
				CLANG_WARN_CONSTANT_CONVERSION = YES;
				CLANG_WARN_DIRECT_OBJC_ISA_USAGE = YES_ERROR;
				CLANG_WARN_EMPTY_BODY = YES;
				CLANG_WARN_ENUM_CONVERSION = YES;
				CLANG_WARN_INT_CONVERSION = YES;
				CLANG_WARN_OBJC_ROOT_CLASS = YES_ERROR;
				CLANG_WARN_UNREACHABLE_CODE = YES;
				CLANG_WARN__DUPLICATE_METHOD_MATCH = YES;
				"CODE_SIGN_IDENTITY[sdk=iphoneos*]" = "iPhone Developer";
				COPY_PHASE_STRIP = NO;
				DEBUG_INFORMATION_FORMAT = "dwarf-with-dsym";
				ENABLE_NS_ASSERTIONS = NO;
				ENABLE_STRICT_OBJC_MSGSEND = YES;
				GCC_C_LANGUAGE_STANDARD = gnu99;
				GCC_NO_COMMON_BLOCKS = YES;
				GCC_WARN_64_TO_32_BIT_CONVERSION = YES;
				GCC_WARN_ABOUT_RETURN_TYPE = YES_ERROR;
				GCC_WARN_UNDECLARED_SELECTOR = YES;
				GCC_WARN_UNINITIALIZED_AUTOS = YES_AGGRESSIVE;
				GCC_WARN_UNUSED_FUNCTION = YES;
				GCC_WARN_UNUSED_VARIABLE = YES;
				IPHONEOS_DEPLOYMENT_TARGET = 8.3;
				MTL_ENABLE_DEBUG_INFO = NO;
				SDKROOT = iphoneos;
				TARGETED_DEVICE_FAMILY = "1,2";
				VALIDATE_PRODUCT = YES;
			};
			name = Release;
		};
		B3E33CB91B48731A00E2192C /* Debug */ = {
			isa = XCBuildConfiguration;
			buildSettings = {
				ASSETCATALOG_COMPILER_APPICON_NAME = AppIcon;
				INFOPLIST_FILE = ColumnViewLayout/Info.plist;
				LD_RUNPATH_SEARCH_PATHS = "$(inherited) @executable_path/Frameworks";
				PRODUCT_NAME = "$(TARGET_NAME)";
			};
			name = Debug;
		};
		B3E33CBA1B48731A00E2192C /* Release */ = {
			isa = XCBuildConfiguration;
			buildSettings = {
				ASSETCATALOG_COMPILER_APPICON_NAME = AppIcon;
				INFOPLIST_FILE = ColumnViewLayout/Info.plist;
				LD_RUNPATH_SEARCH_PATHS = "$(inherited) @executable_path/Frameworks";
				PRODUCT_NAME = "$(TARGET_NAME)";
			};
			name = Release;
		};
		B3E33CBC1B48731A00E2192C /* Debug */ = {
			isa = XCBuildConfiguration;
			buildSettings = {
				BUNDLE_LOADER = "$(TEST_HOST)";
				FRAMEWORK_SEARCH_PATHS = (
					"$(SDKROOT)/Developer/Library/Frameworks",
					"$(inherited)",
				);
				GCC_PREPROCESSOR_DEFINITIONS = (
					"DEBUG=1",
					"$(inherited)",
				);
				INFOPLIST_FILE = ColumnViewLayoutTests/Info.plist;
				LD_RUNPATH_SEARCH_PATHS = "$(inherited) @executable_path/Frameworks @loader_path/Frameworks";
				PRODUCT_NAME = "$(TARGET_NAME)";
				TEST_HOST = "$(BUILT_PRODUCTS_DIR)/ColumnViewLayout.app/ColumnViewLayout";
			};
			name = Debug;
		};
		B3E33CBD1B48731A00E2192C /* Release */ = {
			isa = XCBuildConfiguration;
			buildSettings = {
				BUNDLE_LOADER = "$(TEST_HOST)";
				FRAMEWORK_SEARCH_PATHS = (
					"$(SDKROOT)/Developer/Library/Frameworks",
					"$(inherited)",
				);
				INFOPLIST_FILE = ColumnViewLayoutTests/Info.plist;
				LD_RUNPATH_SEARCH_PATHS = "$(inherited) @executable_path/Frameworks @loader_path/Frameworks";
				PRODUCT_NAME = "$(TARGET_NAME)";
				TEST_HOST = "$(BUILT_PRODUCTS_DIR)/ColumnViewLayout.app/ColumnViewLayout";
			};
			name = Release;
		};
/* End XCBuildConfiguration section */

/* Begin XCConfigurationList section */
		B3E33C941B48731A00E2192C /* Build configuration list for PBXProject "ColumnViewLayout" */ = {
			isa = XCConfigurationList;
			buildConfigurations = (
				B3E33CB61B48731A00E2192C /* Debug */,
				B3E33CB71B48731A00E2192C /* Release */,
			);
			defaultConfigurationIsVisible = 0;
			defaultConfigurationName = Release;
		};
		B3E33CB81B48731A00E2192C /* Build configuration list for PBXNativeTarget "ColumnViewLayout" */ = {
			isa = XCConfigurationList;
			buildConfigurations = (
				B3E33CB91B48731A00E2192C /* Debug */,
				B3E33CBA1B48731A00E2192C /* Release */,
			);
			defaultConfigurationIsVisible = 0;
		};
		B3E33CBB1B48731A00E2192C /* Build configuration list for PBXNativeTarget "ColumnViewLayoutTests" */ = {
			isa = XCConfigurationList;
			buildConfigurations = (
				B3E33CBC1B48731A00E2192C /* Debug */,
				B3E33CBD1B48731A00E2192C /* Release */,
			);
			defaultConfigurationIsVisible = 0;
		};
/* End XCConfigurationList section */
	};
	rootObject = B3E33C911B48731A00E2192C /* Project object */;
}
